
Microsoft Visual Studio Solution File, Format Version 12.00
Project("{FAE04EC0-301F-11D3-BF4B-00C04F79EFBC}") = "ImageNetViewer", "ImageNetViewer\ImageNetViewer.csproj", "{B9142B14-98CC-49FE-9EDF-531A5D9760DE}"
EndProject
Project("{2150E333-8FDC-42A3-9474-1A3956D46DE8}") = "Solution Items", "Solution Items", "{03ECB173-D6D9-4F01-9F0D-18AB771BC237}"
	ProjectSection(SolutionItems) = preProject
		compose.yaml = compose.yaml
	EndProjectSection
EndProject
Project("{FAE04EC0-301F-11D3-BF4B-00C04F79EFBC}") = "ImageNetData", "ImageNetData\ImageNetData.csproj", "{4C41B58C-320B-4E0A-8B9F-D91815CCEC7D}"
EndProject
Project("{FAE04EC0-301F-11D3-BF4B-00C04F79EFBC}") = "Importer", "Importer\Importer.csproj", "{183C67EE-5C19-4AB7-9BA9-1D9B6DF0656B}"
EndProject
Global
	GlobalSection(SolutionConfigurationPlatforms) = preSolution
		Debug|Any CPU = Debug|Any CPU
		Release|Any CPU = Release|Any CPU
	EndGlobalSection
	GlobalSection(ProjectConfigurationPlatforms) = postSolution
		{B9142B14-98CC-49FE-9EDF-531A5D9760DE}.Debug|Any CPU.ActiveCfg = Debug|Any CPU
		{B9142B14-98CC-49FE-9EDF-531A5D9760DE}.Debug|Any CPU.Build.0 = Debug|Any CPU
		{B9142B14-98CC-49FE-9EDF-531A5D9760DE}.Release|Any CPU.ActiveCfg = Release|Any CPU
		{B9142B14-98CC-49FE-9EDF-531A5D9760DE}.Release|Any CPU.Build.0 = Release|Any CPU
		{4C41B58C-320B-4E0A-8B9F-D91815CCEC7D}.Debug|Any CPU.ActiveCfg = Debug|Any CPU
		{4C41B58C-320B-4E0A-8B9F-D91815CCEC7D}.Debug|Any CPU.Build.0 = Debug|Any CPU
		{4C41B58C-320B-4E0A-8B9F-D91815CCEC7D}.Release|Any CPU.ActiveCfg = Release|Any CPU
		{4C41B58C-320B-4E0A-8B9F-D91815CCEC7D}.Release|Any CPU.Build.0 = Release|Any CPU
		{183C67EE-5C19-4AB7-9BA9-1D9B6DF0656B}.Debug|Any CPU.ActiveCfg = Debug|Any CPU
		{183C67EE-5C19-4AB7-9BA9-1D9B6DF0656B}.Debug|Any CPU.Build.0 = Debug|Any CPU
		{183C67EE-5C19-4AB7-9BA9-1D9B6DF0656B}.Release|Any CPU.ActiveCfg = Release|Any CPU
		{183C67EE-5C19-4AB7-9BA9-1D9B6DF0656B}.Release|Any CPU.Build.0 = Release|Any CPU
	EndGlobalSection
EndGlobal
